
Microsoft Visual Studio Solution File, Format Version 12.00
# Visual Studio 15
VisualStudioVersion = 15.0.28307.572
MinimumVisualStudioVersion = 10.0.40219.1
Project("{FAE04EC0-301F-11D3-BF4B-00C04F79EFBC}") = "WebApplication5", "WebApplication5\WebApplication5.csproj", "{31033ABE-9F5B-47D3-9148-1B7B8E6E5270}"
EndProject
Global
	GlobalSection(SolutionConfigurationPlatforms) = preSolution
		Debug|Any CPU = Debug|Any CPU
		Release|Any CPU = Release|Any CPU
	EndGlobalSection
	GlobalSection(ProjectConfigurationPlatforms) = postSolution
		{31033ABE-9F5B-47D3-9148-1B7B8E6E5270}.Debug|Any CPU.ActiveCfg = Debug|Any CPU
		{31033ABE-9F5B-47D3-9148-1B7B8E6E5270}.Debug|Any CPU.Build.0 = Debug|Any CPU
		{31033ABE-9F5B-47D3-9148-1B7B8E6E5270}.Release|Any CPU.ActiveCfg = Release|Any CPU
		{31033ABE-9F5B-47D3-9148-1B7B8E6E5270}.Release|Any CPU.Build.0 = Release|Any CPU
	EndGlobalSection
	GlobalSection(SolutionProperties) = preSolution
		HideSolutionNode = FALSE
	EndGlobalSection
	GlobalSection(ExtensibilityGlobals) = postSolution
		SolutionGuid = {1BBDFB03-52FF-4C2D-90C0-08A9ED840645}
	EndGlobalSection
EndGlobal
